
Microsoft Visual Studio Solution File, Format Version 12.00
# Visual Studio Version 17
VisualStudioVersion = 17.10.34607.79
MinimumVisualStudioVersion = 10.0.40219.1
Project("{2150E333-8FDC-42A3-9474-1A3956D46DE8}") = "Solution Items", "Solution Items", "{7B3753E5-BDFC-475D-8D88-BA63F856492C}"
	ProjectSection(SolutionItems) = preProject
		..\.gitignore = ..\.gitignore
		DevelopingSourceGenerators.md = DevelopingSourceGenerators.md
		Directory.Build.props = Directory.Build.props
		..\README.md = ..\README.md
	EndProjectSection
EndProject
Project("{2150E333-8FDC-42A3-9474-1A3956D46DE8}") = "samples", "samples", "{DDFC3987-2C47-49A0-9567-55838CEE153F}"
EndProject
Project("{9A19103F-16F7-4668-BE54-9A1E7A4F7556}") = "Nabs.EndpointGenerator", "Nabs.EndpointGenerator\Nabs.EndpointGenerator.csproj", "{AD2BE3E5-E762-46B1-9DDB-5485F89CBC07}"
EndProject
Project("{9A19103F-16F7-4668-BE54-9A1E7A4F7556}") = "Nabs.Samples.GeneratedEndpointsApi", "samples\Nabs.Samples.GeneratedEndpointsApi\Nabs.Samples.GeneratedEndpointsApi.csproj", "{F1BD22C1-C39B-45C5-802D-D916274E7C94}"
EndProject
Project("{9A19103F-16F7-4668-BE54-9A1E7A4F7556}") = "Nabs.EndpointGenerator.Abstractions", "Nabs.EndpointGenerator.Abstractions\Nabs.EndpointGenerator.Abstractions.csproj", "{A6C410A0-1279-41A3-8A9B-544EBF86A1FC}"
EndProject
Project("{FAE04EC0-301F-11D3-BF4B-00C04F79EFBC}") = "Nabs.Samples.BusinessLogic", "samples\Nabs.Samples.BusinessLogic\Nabs.Samples.BusinessLogic.csproj", "{C89C62DB-DD85-4B0A-811A-5ACED3F3B9DD}"
EndProject
Project("{2150E333-8FDC-42A3-9474-1A3956D46DE8}") = "tests", "tests", "{BAB1D55E-CE2F-4BA5-A07F-9347212C8C11}"
EndProject
Project("{FAE04EC0-301F-11D3-BF4B-00C04F79EFBC}") = "Nabs.Tests.EndpointGeneratorUnitTests", "tests\Nabs.Tests.EndpointGeneratorUnitTests\Nabs.Tests.EndpointGeneratorUnitTests.csproj", "{291DE37B-4973-455B-91AA-7F2E3BFA68D8}"
EndProject
Global
	GlobalSection(SolutionConfigurationPlatforms) = preSolution
		Debug|Any CPU = Debug|Any CPU
		Release|Any CPU = Release|Any CPU
	EndGlobalSection
	GlobalSection(ProjectConfigurationPlatforms) = postSolution
		{AD2BE3E5-E762-46B1-9DDB-5485F89CBC07}.Debug|Any CPU.ActiveCfg = Debug|Any CPU
		{AD2BE3E5-E762-46B1-9DDB-5485F89CBC07}.Debug|Any CPU.Build.0 = Debug|Any CPU
		{AD2BE3E5-E762-46B1-9DDB-5485F89CBC07}.Release|Any CPU.ActiveCfg = Release|Any CPU
		{AD2BE3E5-E762-46B1-9DDB-5485F89CBC07}.Release|Any CPU.Build.0 = Release|Any CPU
		{F1BD22C1-C39B-45C5-802D-D916274E7C94}.Debug|Any CPU.ActiveCfg = Debug|Any CPU
		{F1BD22C1-C39B-45C5-802D-D916274E7C94}.Debug|Any CPU.Build.0 = Debug|Any CPU
		{F1BD22C1-C39B-45C5-802D-D916274E7C94}.Release|Any CPU.ActiveCfg = Release|Any CPU
		{F1BD22C1-C39B-45C5-802D-D916274E7C94}.Release|Any CPU.Build.0 = Release|Any CPU
		{A6C410A0-1279-41A3-8A9B-544EBF86A1FC}.Debug|Any CPU.ActiveCfg = Debug|Any CPU
		{A6C410A0-1279-41A3-8A9B-544EBF86A1FC}.Debug|Any CPU.Build.0 = Debug|Any CPU
		{A6C410A0-1279-41A3-8A9B-544EBF86A1FC}.Release|Any CPU.ActiveCfg = Release|Any CPU
		{A6C410A0-1279-41A3-8A9B-544EBF86A1FC}.Release|Any CPU.Build.0 = Release|Any CPU
		{C89C62DB-DD85-4B0A-811A-5ACED3F3B9DD}.Debug|Any CPU.ActiveCfg = Debug|Any CPU
		{C89C62DB-DD85-4B0A-811A-5ACED3F3B9DD}.Debug|Any CPU.Build.0 = Debug|Any CPU
		{C89C62DB-DD85-4B0A-811A-5ACED3F3B9DD}.Release|Any CPU.ActiveCfg = Release|Any CPU
		{C89C62DB-DD85-4B0A-811A-5ACED3F3B9DD}.Release|Any CPU.Build.0 = Release|Any CPU
		{291DE37B-4973-455B-91AA-7F2E3BFA68D8}.Debug|Any CPU.ActiveCfg = Debug|Any CPU
		{291DE37B-4973-455B-91AA-7F2E3BFA68D8}.Debug|Any CPU.Build.0 = Debug|Any CPU
		{291DE37B-4973-455B-91AA-7F2E3BFA68D8}.Release|Any CPU.ActiveCfg = Release|Any CPU
		{291DE37B-4973-455B-91AA-7F2E3BFA68D8}.Release|Any CPU.Build.0 = Release|Any CPU
	EndGlobalSection
	GlobalSection(SolutionProperties) = preSolution
		HideSolutionNode = FALSE
	EndGlobalSection
	GlobalSection(NestedProjects) = preSolution
		{F1BD22C1-C39B-45C5-802D-D916274E7C94} = {DDFC3987-2C47-49A0-9567-55838CEE153F}
		{C89C62DB-DD85-4B0A-811A-5ACED3F3B9DD} = {DDFC3987-2C47-49A0-9567-55838CEE153F}
		{291DE37B-4973-455B-91AA-7F2E3BFA68D8} = {BAB1D55E-CE2F-4BA5-A07F-9347212C8C11}
	EndGlobalSection
	GlobalSection(ExtensibilityGlobals) = postSolution
		SolutionGuid = {6BAF0BCE-30DD-488F-BAFD-0CAF694C7F80}
	EndGlobalSection
EndGlobal